
Microsoft Visual Studio Solution File, Format Version 12.00
# Visual Studio Version 17
VisualStudioVersion = 17.4.33213.308
MinimumVisualStudioVersion = 10.0.40219.1
Project("{FAE04EC0-301F-11D3-BF4B-00C04F79EFBC}") = "Collections", "Collections\Collections.csproj", "{15FCE676-B3CA-40AD-AF5C-E5188055E32A}"
EndProject
Global
	GlobalSection(SolutionConfigurationPlatforms) = preSolution
		Debug|Any CPU = Debug|Any CPU
		Release|Any CPU = Release|Any CPU
	EndGlobalSection
	GlobalSection(ProjectConfigurationPlatforms) = postSolution
		{15FCE676-B3CA-40AD-AF5C-E5188055E32A}.Debug|Any CPU.ActiveCfg = Debug|Any CPU
		{15FCE676-B3CA-40AD-AF5C-E5188055E32A}.Debug|Any CPU.Build.0 = Debug|Any CPU
		{15FCE676-B3CA-40AD-AF5C-E5188055E32A}.Release|Any CPU.ActiveCfg = Release|Any CPU
		{15FCE676-B3CA-40AD-AF5C-E5188055E32A}.Release|Any CPU.Build.0 = Release|Any CPU
	EndGlobalSection
	GlobalSection(SolutionProperties) = preSolution
		HideSolutionNode = FALSE
	EndGlobalSection
	GlobalSection(ExtensibilityGlobals) = postSolution
		SolutionGuid = {389C51CF-7822-4FCE-B71C-44426E4B9FB9}
	EndGlobalSection
EndGlobal
