
Microsoft Visual Studio Solution File, Format Version 12.00
# Visual Studio Version 17
VisualStudioVersion = 17.4.33213.308
MinimumVisualStudioVersion = 10.0.40219.1
Project("{FAE04EC0-301F-11D3-BF4B-00C04F79EFBC}") = "ConsoleApp1", "ConsoleApp1\ConsoleApp1.csproj", "{AB2AF6D0-E0B3-45AD-A385-2AE79DC754B2}"
EndProject
Global
	GlobalSection(SolutionConfigurationPlatforms) = preSolution
		Debug|Any CPU = Debug|Any CPU
		Release|Any CPU = Release|Any CPU
	EndGlobalSection
	GlobalSection(ProjectConfigurationPlatforms) = postSolution
		{AB2AF6D0-E0B3-45AD-A385-2AE79DC754B2}.Debug|Any CPU.ActiveCfg = Debug|Any CPU
		{AB2AF6D0-E0B3-45AD-A385-2AE79DC754B2}.Debug|Any CPU.Build.0 = Debug|Any CPU
		{AB2AF6D0-E0B3-45AD-A385-2AE79DC754B2}.Release|Any CPU.ActiveCfg = Release|Any CPU
		{AB2AF6D0-E0B3-45AD-A385-2AE79DC754B2}.Release|Any CPU.Build.0 = Release|Any CPU
	EndGlobalSection
	GlobalSection(SolutionProperties) = preSolution
		HideSolutionNode = FALSE
	EndGlobalSection
	GlobalSection(ExtensibilityGlobals) = postSolution
		SolutionGuid = {0444EBA1-2FBC-4290-810F-B0157BEF345B}
	EndGlobalSection
EndGlobal
