
Microsoft Visual Studio Solution File, Format Version 12.00
# Visual Studio Version 17
VisualStudioVersion = 17.4.33213.308
MinimumVisualStudioVersion = 10.0.40219.1
Project("{FAE04EC0-301F-11D3-BF4B-00C04F79EFBC}") = "Emp_wage_lineComp", "Emp_wage_lineComp\Emp_wage_lineComp.csproj", "{FAB0A259-F6D0-457B-A430-80F160EE0856}"
EndProject
Global
	GlobalSection(SolutionConfigurationPlatforms) = preSolution
		Debug|Any CPU = Debug|Any CPU
		Release|Any CPU = Release|Any CPU
	EndGlobalSection
	GlobalSection(ProjectConfigurationPlatforms) = postSolution
		{FAB0A259-F6D0-457B-A430-80F160EE0856}.Debug|Any CPU.ActiveCfg = Debug|Any CPU
		{FAB0A259-F6D0-457B-A430-80F160EE0856}.Debug|Any CPU.Build.0 = Debug|Any CPU
		{FAB0A259-F6D0-457B-A430-80F160EE0856}.Release|Any CPU.ActiveCfg = Release|Any CPU
		{FAB0A259-F6D0-457B-A430-80F160EE0856}.Release|Any CPU.Build.0 = Release|Any CPU
	EndGlobalSection
	GlobalSection(SolutionProperties) = preSolution
		HideSolutionNode = FALSE
	EndGlobalSection
	GlobalSection(ExtensibilityGlobals) = postSolution
		SolutionGuid = {B163F1F5-D0F3-4C17-B0E0-C075B7DD940B}
	EndGlobalSection
EndGlobal
