
Microsoft Visual Studio Solution File, Format Version 12.00
# Visual Studio Version 17
VisualStudioVersion = 17.4.33213.308
MinimumVisualStudioVersion = 10.0.40219.1
Project("{FAE04EC0-301F-11D3-BF4B-00C04F79EFBC}") = "User_Registeration", "User_Registeration\User_Registeration.csproj", "{44FC3953-93A5-423A-9535-D90F6E313E1B}"
EndProject
Global
	GlobalSection(SolutionConfigurationPlatforms) = preSolution
		Debug|Any CPU = Debug|Any CPU
		Release|Any CPU = Release|Any CPU
	EndGlobalSection
	GlobalSection(ProjectConfigurationPlatforms) = postSolution
		{44FC3953-93A5-423A-9535-D90F6E313E1B}.Debug|Any CPU.ActiveCfg = Debug|Any CPU
		{44FC3953-93A5-423A-9535-D90F6E313E1B}.Debug|Any CPU.Build.0 = Debug|Any CPU
		{44FC3953-93A5-423A-9535-D90F6E313E1B}.Release|Any CPU.ActiveCfg = Release|Any CPU
		{44FC3953-93A5-423A-9535-D90F6E313E1B}.Release|Any CPU.Build.0 = Release|Any CPU
	EndGlobalSection
	GlobalSection(SolutionProperties) = preSolution
		HideSolutionNode = FALSE
	EndGlobalSection
	GlobalSection(ExtensibilityGlobals) = postSolution
		SolutionGuid = {416DA6FC-D0B4-4B94-AAA3-51B1DB0F77DB}
	EndGlobalSection
EndGlobal
