
Microsoft Visual Studio Solution File, Format Version 12.00
# Visual Studio Version 17
VisualStudioVersion = 17.4.33213.308
MinimumVisualStudioVersion = 10.0.40219.1
Project("{FAE04EC0-301F-11D3-BF4B-00C04F79EFBC}") = "DataTime", "DataTime\DataTime.csproj", "{2B5CC577-D2FA-4387-9BB7-46868EAC97F4}"
EndProject
Global
	GlobalSection(SolutionConfigurationPlatforms) = preSolution
		Debug|Any CPU = Debug|Any CPU
		Release|Any CPU = Release|Any CPU
	EndGlobalSection
	GlobalSection(ProjectConfigurationPlatforms) = postSolution
		{2B5CC577-D2FA-4387-9BB7-46868EAC97F4}.Debug|Any CPU.ActiveCfg = Debug|Any CPU
		{2B5CC577-D2FA-4387-9BB7-46868EAC97F4}.Debug|Any CPU.Build.0 = Debug|Any CPU
		{2B5CC577-D2FA-4387-9BB7-46868EAC97F4}.Release|Any CPU.ActiveCfg = Release|Any CPU
		{2B5CC577-D2FA-4387-9BB7-46868EAC97F4}.Release|Any CPU.Build.0 = Release|Any CPU
	EndGlobalSection
	GlobalSection(SolutionProperties) = preSolution
		HideSolutionNode = FALSE
	EndGlobalSection
	GlobalSection(ExtensibilityGlobals) = postSolution
		SolutionGuid = {67990F99-6E1E-4BDA-814C-12B5476BB6FC}
	EndGlobalSection
EndGlobal
